
Microsoft Visual Studio Solution File, Format Version 12.00
# Visual Studio Version 16
VisualStudioVersion = 16.0.31205.134
MinimumVisualStudioVersion = 10.0.40219.1
Project("{FAE04EC0-301F-11D3-BF4B-00C04F79EFBC}") = "zadanie1Lab3", "zadanie1Lab3\zadanie1Lab3.csproj", "{376A4795-F0F1-4C1F-A878-3366A7C60BBF}"
EndProject
Global
	GlobalSection(SolutionConfigurationPlatforms) = preSolution
		Debug|Any CPU = Debug|Any CPU
		Release|Any CPU = Release|Any CPU
	EndGlobalSection
	GlobalSection(ProjectConfigurationPlatforms) = postSolution
		{376A4795-F0F1-4C1F-A878-3366A7C60BBF}.Debug|Any CPU.ActiveCfg = Debug|Any CPU
		{376A4795-F0F1-4C1F-A878-3366A7C60BBF}.Debug|Any CPU.Build.0 = Debug|Any CPU
		{376A4795-F0F1-4C1F-A878-3366A7C60BBF}.Release|Any CPU.ActiveCfg = Release|Any CPU
		{376A4795-F0F1-4C1F-A878-3366A7C60BBF}.Release|Any CPU.Build.0 = Release|Any CPU
	EndGlobalSection
	GlobalSection(SolutionProperties) = preSolution
		HideSolutionNode = FALSE
	EndGlobalSection
	GlobalSection(ExtensibilityGlobals) = postSolution
		SolutionGuid = {B66819BE-7499-4C70-8DE3-9E88D27147B7}
	EndGlobalSection
EndGlobal
